
Microsoft Visual Studio Solution File, Format Version 12.00
# Visual Studio Version 17
VisualStudioVersion = 17.3.32922.545
MinimumVisualStudioVersion = 10.0.40219.1
Project("{9A19103F-16F7-4668-BE54-9A1E7A4F7556}") = "BZ2KMT_HFT_2021222.Client", "BZ2KMT_HFT_2021222.Client\BZ2KMT_HFT_2021222.Client.csproj", "{64291B1C-7177-4A09-9B29-935BC1A836B1}"
	ProjectSection(ProjectDependencies) = postProject
		{2BE2F4BD-2CE3-4916-B2A2-979EC0C76AD9} = {2BE2F4BD-2CE3-4916-B2A2-979EC0C76AD9}
	EndProjectSection
EndProject
Project("{9A19103F-16F7-4668-BE54-9A1E7A4F7556}") = "BZ2KMT_HFT_2021222.Models", "BZ2KMT_HFT_2021222.Models\BZ2KMT_HFT_2021222.Models.csproj", "{2BE2F4BD-2CE3-4916-B2A2-979EC0C76AD9}"
EndProject
Project("{9A19103F-16F7-4668-BE54-9A1E7A4F7556}") = "BZ2KMT_HFT_2021222.Logic", "BZ2KMT_HFT_2021222.Logic\BZ2KMT_HFT_2021222.Logic.csproj", "{8CE101FB-E1E3-4D3E-B255-EB333709EDE1}"
	ProjectSection(ProjectDependencies) = postProject
		{2BE2F4BD-2CE3-4916-B2A2-979EC0C76AD9} = {2BE2F4BD-2CE3-4916-B2A2-979EC0C76AD9}
		{8226F2DC-14D8-41D4-B615-90233C8A11A8} = {8226F2DC-14D8-41D4-B615-90233C8A11A8}
	EndProjectSection
EndProject
Project("{9A19103F-16F7-4668-BE54-9A1E7A4F7556}") = "BZ2KMT_HFT_2021222.Repository", "BZ2KMT_HFT_2021222.Repository\BZ2KMT_HFT_2021222.Repository.csproj", "{8226F2DC-14D8-41D4-B615-90233C8A11A8}"
	ProjectSection(ProjectDependencies) = postProject
		{2BE2F4BD-2CE3-4916-B2A2-979EC0C76AD9} = {2BE2F4BD-2CE3-4916-B2A2-979EC0C76AD9}
	EndProjectSection
EndProject
Project("{9A19103F-16F7-4668-BE54-9A1E7A4F7556}") = "BZ2KMT_HFT_2021222.Test", "BZ2KMT_HFT_2021222.Test\BZ2KMT_HFT_2021222.Test.csproj", "{67B097FB-7F58-4E5F-89C3-4985A88D413F}"
	ProjectSection(ProjectDependencies) = postProject
		{2BE2F4BD-2CE3-4916-B2A2-979EC0C76AD9} = {2BE2F4BD-2CE3-4916-B2A2-979EC0C76AD9}
		{8226F2DC-14D8-41D4-B615-90233C8A11A8} = {8226F2DC-14D8-41D4-B615-90233C8A11A8}
		{8CE101FB-E1E3-4D3E-B255-EB333709EDE1} = {8CE101FB-E1E3-4D3E-B255-EB333709EDE1}
	EndProjectSection
EndProject
Project("{2150E333-8FDC-42A3-9474-1A3956D46DE8}") = "Backend", "Backend", "{B635FDD5-7944-4372-A600-AF93C8A68699}"
EndProject
Project("{2150E333-8FDC-42A3-9474-1A3956D46DE8}") = "Frontend", "Frontend", "{5FF58B43-AEC5-4BD7-993F-2E139ABCC1DF}"
EndProject
Project("{2150E333-8FDC-42A3-9474-1A3956D46DE8}") = "Shared", "Shared", "{217309B1-324A-46B8-BE42-F084CE3882A9}"
EndProject
Project("{2150E333-8FDC-42A3-9474-1A3956D46DE8}") = "Others", "Others", "{1C5F8A84-7A23-45DF-9CA8-68186AEA8A17}"
	ProjectSection(SolutionItems) = preProject
		.gitignore = .gitignore
	EndProjectSection
EndProject
Project("{9A19103F-16F7-4668-BE54-9A1E7A4F7556}") = "BZ2KMT_HFT_2021222.Endpoint", "BZ2KMT_HFT_2021222.EndPoin\BZ2KMT_HFT_2021222.Endpoint.csproj", "{8A9FE4C4-B484-49BD-805B-1729D82D5B5A}"
EndProject
Project("{FAE04EC0-301F-11D3-BF4B-00C04F79EFBC}") = "BZ2KMT_HFT_2021222.WpfClient", "BZ2KMT_HFT_2021222.WpfClient\BZ2KMT_HFT_2021222.WpfClient.csproj", "{47209EF8-94C8-430D-8654-A48D89F0D713}"
EndProject
Global
	GlobalSection(SolutionConfigurationPlatforms) = preSolution
		Debug|Any CPU = Debug|Any CPU
		Release|Any CPU = Release|Any CPU
	EndGlobalSection
	GlobalSection(ProjectConfigurationPlatforms) = postSolution
		{64291B1C-7177-4A09-9B29-935BC1A836B1}.Debug|Any CPU.ActiveCfg = Debug|Any CPU
		{64291B1C-7177-4A09-9B29-935BC1A836B1}.Debug|Any CPU.Build.0 = Debug|Any CPU
		{64291B1C-7177-4A09-9B29-935BC1A836B1}.Release|Any CPU.ActiveCfg = Release|Any CPU
		{64291B1C-7177-4A09-9B29-935BC1A836B1}.Release|Any CPU.Build.0 = Release|Any CPU
		{2BE2F4BD-2CE3-4916-B2A2-979EC0C76AD9}.Debug|Any CPU.ActiveCfg = Debug|Any CPU
		{2BE2F4BD-2CE3-4916-B2A2-979EC0C76AD9}.Debug|Any CPU.Build.0 = Debug|Any CPU
		{2BE2F4BD-2CE3-4916-B2A2-979EC0C76AD9}.Release|Any CPU.ActiveCfg = Release|Any CPU
		{2BE2F4BD-2CE3-4916-B2A2-979EC0C76AD9}.Release|Any CPU.Build.0 = Release|Any CPU
		{8CE101FB-E1E3-4D3E-B255-EB333709EDE1}.Debug|Any CPU.ActiveCfg = Debug|Any CPU
		{8CE101FB-E1E3-4D3E-B255-EB333709EDE1}.Debug|Any CPU.Build.0 = Debug|Any CPU
		{8CE101FB-E1E3-4D3E-B255-EB333709EDE1}.Release|Any CPU.ActiveCfg = Release|Any CPU
		{8CE101FB-E1E3-4D3E-B255-EB333709EDE1}.Release|Any CPU.Build.0 = Release|Any CPU
		{8226F2DC-14D8-41D4-B615-90233C8A11A8}.Debug|Any CPU.ActiveCfg = Debug|Any CPU
		{8226F2DC-14D8-41D4-B615-90233C8A11A8}.Debug|Any CPU.Build.0 = Debug|Any CPU
		{8226F2DC-14D8-41D4-B615-90233C8A11A8}.Release|Any CPU.ActiveCfg = Release|Any CPU
		{8226F2DC-14D8-41D4-B615-90233C8A11A8}.Release|Any CPU.Build.0 = Release|Any CPU
		{67B097FB-7F58-4E5F-89C3-4985A88D413F}.Debug|Any CPU.ActiveCfg = Debug|Any CPU
		{67B097FB-7F58-4E5F-89C3-4985A88D413F}.Debug|Any CPU.Build.0 = Debug|Any CPU
		{67B097FB-7F58-4E5F-89C3-4985A88D413F}.Release|Any CPU.ActiveCfg = Release|Any CPU
		{67B097FB-7F58-4E5F-89C3-4985A88D413F}.Release|Any CPU.Build.0 = Release|Any CPU
		{8A9FE4C4-B484-49BD-805B-1729D82D5B5A}.Debug|Any CPU.ActiveCfg = Debug|Any CPU
		{8A9FE4C4-B484-49BD-805B-1729D82D5B5A}.Debug|Any CPU.Build.0 = Debug|Any CPU
		{8A9FE4C4-B484-49BD-805B-1729D82D5B5A}.Release|Any CPU.ActiveCfg = Release|Any CPU
		{8A9FE4C4-B484-49BD-805B-1729D82D5B5A}.Release|Any CPU.Build.0 = Release|Any CPU
		{47209EF8-94C8-430D-8654-A48D89F0D713}.Debug|Any CPU.ActiveCfg = Debug|Any CPU
		{47209EF8-94C8-430D-8654-A48D89F0D713}.Debug|Any CPU.Build.0 = Debug|Any CPU
		{47209EF8-94C8-430D-8654-A48D89F0D713}.Release|Any CPU.ActiveCfg = Release|Any CPU
		{47209EF8-94C8-430D-8654-A48D89F0D713}.Release|Any CPU.Build.0 = Release|Any CPU
	EndGlobalSection
	GlobalSection(SolutionProperties) = preSolution
		HideSolutionNode = FALSE
	EndGlobalSection
	GlobalSection(NestedProjects) = preSolution
		{64291B1C-7177-4A09-9B29-935BC1A836B1} = {5FF58B43-AEC5-4BD7-993F-2E139ABCC1DF}
		{2BE2F4BD-2CE3-4916-B2A2-979EC0C76AD9} = {217309B1-324A-46B8-BE42-F084CE3882A9}
		{8CE101FB-E1E3-4D3E-B255-EB333709EDE1} = {B635FDD5-7944-4372-A600-AF93C8A68699}
		{8226F2DC-14D8-41D4-B615-90233C8A11A8} = {B635FDD5-7944-4372-A600-AF93C8A68699}
		{67B097FB-7F58-4E5F-89C3-4985A88D413F} = {B635FDD5-7944-4372-A600-AF93C8A68699}
		{8A9FE4C4-B484-49BD-805B-1729D82D5B5A} = {B635FDD5-7944-4372-A600-AF93C8A68699}
		{47209EF8-94C8-430D-8654-A48D89F0D713} = {5FF58B43-AEC5-4BD7-993F-2E139ABCC1DF}
	EndGlobalSection
	GlobalSection(ExtensibilityGlobals) = postSolution
		SolutionGuid = {1F2E8D4C-0BCC-4D0F-B074-7B9B1616DD73}
	EndGlobalSection
EndGlobal
